
Microsoft Visual Studio Solution File, Format Version 12.00
Project("{FAE04EC0-301F-11D3-BF4B-00C04F79EFBC}") = "Tuples", "Tuples\Tuples.csproj", "{D75302F5-B224-4E1B-9BD7-7A14294D459E}"
EndProject
Global
	GlobalSection(SolutionConfigurationPlatforms) = preSolution
		Debug|Any CPU = Debug|Any CPU
		Release|Any CPU = Release|Any CPU
	EndGlobalSection
	GlobalSection(ProjectConfigurationPlatforms) = postSolution
		{D75302F5-B224-4E1B-9BD7-7A14294D459E}.Debug|Any CPU.ActiveCfg = Debug|Any CPU
		{D75302F5-B224-4E1B-9BD7-7A14294D459E}.Debug|Any CPU.Build.0 = Debug|Any CPU
		{D75302F5-B224-4E1B-9BD7-7A14294D459E}.Release|Any CPU.ActiveCfg = Release|Any CPU
		{D75302F5-B224-4E1B-9BD7-7A14294D459E}.Release|Any CPU.Build.0 = Release|Any CPU
	EndGlobalSection
EndGlobal
