
Microsoft Visual Studio Solution File, Format Version 12.00
Project("{FAE04EC0-301F-11D3-BF4B-00C04F79EFBC}") = "AreaOfATriangle", "AreaOfATriangle\AreaOfATriangle.csproj", "{DBEF99C8-13C6-4756-92EC-73C61505AD79}"
EndProject
Global
	GlobalSection(SolutionConfigurationPlatforms) = preSolution
		Debug|Any CPU = Debug|Any CPU
		Release|Any CPU = Release|Any CPU
	EndGlobalSection
	GlobalSection(ProjectConfigurationPlatforms) = postSolution
		{DBEF99C8-13C6-4756-92EC-73C61505AD79}.Debug|Any CPU.ActiveCfg = Debug|Any CPU
		{DBEF99C8-13C6-4756-92EC-73C61505AD79}.Debug|Any CPU.Build.0 = Debug|Any CPU
		{DBEF99C8-13C6-4756-92EC-73C61505AD79}.Release|Any CPU.ActiveCfg = Release|Any CPU
		{DBEF99C8-13C6-4756-92EC-73C61505AD79}.Release|Any CPU.Build.0 = Release|Any CPU
	EndGlobalSection
EndGlobal
