
Microsoft Visual Studio Solution File, Format Version 12.00
Project("{FAE04EC0-301F-11D3-BF4B-00C04F79EFBC}") = "Classes", "Classes\Classes.csproj", "{858B4494-3ECC-4659-BCE1-89DF4E140B52}"
EndProject
Global
	GlobalSection(SolutionConfigurationPlatforms) = preSolution
		Debug|Any CPU = Debug|Any CPU
		Release|Any CPU = Release|Any CPU
	EndGlobalSection
	GlobalSection(ProjectConfigurationPlatforms) = postSolution
		{858B4494-3ECC-4659-BCE1-89DF4E140B52}.Debug|Any CPU.ActiveCfg = Debug|Any CPU
		{858B4494-3ECC-4659-BCE1-89DF4E140B52}.Debug|Any CPU.Build.0 = Debug|Any CPU
		{858B4494-3ECC-4659-BCE1-89DF4E140B52}.Release|Any CPU.ActiveCfg = Release|Any CPU
		{858B4494-3ECC-4659-BCE1-89DF4E140B52}.Release|Any CPU.Build.0 = Release|Any CPU
	EndGlobalSection
EndGlobal
